
Microsoft Visual Studio Solution File, Format Version 12.00
# Visual Studio Version 16
VisualStudioVersion = 16.0.31112.23
MinimumVisualStudioVersion = 10.0.40219.1
Project("{FAE04EC0-301F-11D3-BF4B-00C04F79EFBC}") = "kurs_22112021_42_HashTable_example", "kurs_22112021_42_HashTable_example\kurs_22112021_42_HashTable_example.csproj", "{14FB045A-6980-47C3-9958-B2D8B9DE06DA}"
EndProject
Global
	GlobalSection(SolutionConfigurationPlatforms) = preSolution
		Debug|Any CPU = Debug|Any CPU
		Release|Any CPU = Release|Any CPU
	EndGlobalSection
	GlobalSection(ProjectConfigurationPlatforms) = postSolution
		{14FB045A-6980-47C3-9958-B2D8B9DE06DA}.Debug|Any CPU.ActiveCfg = Debug|Any CPU
		{14FB045A-6980-47C3-9958-B2D8B9DE06DA}.Debug|Any CPU.Build.0 = Debug|Any CPU
		{14FB045A-6980-47C3-9958-B2D8B9DE06DA}.Release|Any CPU.ActiveCfg = Release|Any CPU
		{14FB045A-6980-47C3-9958-B2D8B9DE06DA}.Release|Any CPU.Build.0 = Release|Any CPU
	EndGlobalSection
	GlobalSection(SolutionProperties) = preSolution
		HideSolutionNode = FALSE
	EndGlobalSection
	GlobalSection(ExtensibilityGlobals) = postSolution
		SolutionGuid = {34D41CE5-E01B-4F9D-A003-80CB2D0598C1}
	EndGlobalSection
EndGlobal
